
Microsoft Visual Studio Solution File, Format Version 12.00
# Visual Studio Version 17
VisualStudioVersion = 17.4.33213.308
MinimumVisualStudioVersion = 10.0.40219.1
Project("{FAE04EC0-301F-11D3-BF4B-00C04F79EFBC}") = "WinFormsApp1", "WinFormsApp1\WinFormsApp1.csproj", "{9B21D1E6-12A6-4FE3-907E-DF04670AE4F0}"
EndProject
Global
	GlobalSection(SolutionConfigurationPlatforms) = preSolution
		Debug|Any CPU = Debug|Any CPU
		Release|Any CPU = Release|Any CPU
	EndGlobalSection
	GlobalSection(ProjectConfigurationPlatforms) = postSolution
		{9B21D1E6-12A6-4FE3-907E-DF04670AE4F0}.Debug|Any CPU.ActiveCfg = Debug|Any CPU
		{9B21D1E6-12A6-4FE3-907E-DF04670AE4F0}.Debug|Any CPU.Build.0 = Debug|Any CPU
		{9B21D1E6-12A6-4FE3-907E-DF04670AE4F0}.Release|Any CPU.ActiveCfg = Release|Any CPU
		{9B21D1E6-12A6-4FE3-907E-DF04670AE4F0}.Release|Any CPU.Build.0 = Release|Any CPU
	EndGlobalSection
	GlobalSection(SolutionProperties) = preSolution
		HideSolutionNode = FALSE
	EndGlobalSection
	GlobalSection(ExtensibilityGlobals) = postSolution
		SolutionGuid = {91F973C4-84AA-4585-907D-7E59E26B5293}
	EndGlobalSection
EndGlobal
